
Microsoft Visual Studio Solution File, Format Version 12.00
# Visual Studio 15
VisualStudioVersion = 15.0.26430.16
MinimumVisualStudioVersion = 10.0.40219.1
Project("{FAE04EC0-301F-11D3-BF4B-00C04F79EFBC}") = "WebApi", "WebApi\WebApi.csproj", "{C1260C57-E90E-4228-A107-3E3EEE175B7C}"
EndProject
Project("{FAE04EC0-301F-11D3-BF4B-00C04F79EFBC}") = "PayrollClient", "PayrollClient\PayrollClient.csproj", "{B55F0A42-093E-433B-B6BB-3E03D1AF180D}"
EndProject
Project("{FAE04EC0-301F-11D3-BF4B-00C04F79EFBC}") = "PayrollBatchProcessor", "PayrollBatchProcessor\PayrollBatchProcessor.csproj", "{43A91226-9BA6-4765-962A-86CB1AEDE514}"
EndProject
Project("{FAE04EC0-301F-11D3-BF4B-00C04F79EFBC}") = "WebApi._Test", "WebApi._Test\WebApi._Test.csproj", "{4A3A2DF8-C212-4B44-B867-E641C1607BD2}"
EndProject
Project("{FAE04EC0-301F-11D3-BF4B-00C04F79EFBC}") = "SignalR.Server.Hubs", "SignalR.Server.Hubs\SignalR.Server.Hubs.csproj", "{08A7FC0D-84A6-41F9-B278-6CD9D57BCD86}"
EndProject
Project("{FAE04EC0-301F-11D3-BF4B-00C04F79EFBC}") = "SignalR.Server.Host", "SignalR.Server.Host\SignalR.Server.Host.csproj", "{5CD3EF99-E44E-45E8-9393-A088BD7571E3}"
EndProject
Project("{FAE04EC0-301F-11D3-BF4B-00C04F79EFBC}") = "SignalR.Client._Test", "SignalR.Client._Test\SignalR.Client._Test.csproj", "{1668778B-417F-44AF-91A4-B2199DACCFAF}"
EndProject
Project("{FAE04EC0-301F-11D3-BF4B-00C04F79EFBC}") = "SignalR.Server.Host._Test", "SignalR.Server.Host._Test\SignalR.Server.Host._Test.csproj", "{7F932258-9951-4481-BB37-9B3F8A4DF3B8}"
EndProject
Global
	GlobalSection(SolutionConfigurationPlatforms) = preSolution
		Debug|Any CPU = Debug|Any CPU
		Release|Any CPU = Release|Any CPU
	EndGlobalSection
	GlobalSection(ProjectConfigurationPlatforms) = postSolution
		{C1260C57-E90E-4228-A107-3E3EEE175B7C}.Debug|Any CPU.ActiveCfg = Debug|Any CPU
		{C1260C57-E90E-4228-A107-3E3EEE175B7C}.Debug|Any CPU.Build.0 = Debug|Any CPU
		{C1260C57-E90E-4228-A107-3E3EEE175B7C}.Release|Any CPU.ActiveCfg = Release|Any CPU
		{C1260C57-E90E-4228-A107-3E3EEE175B7C}.Release|Any CPU.Build.0 = Release|Any CPU
		{B55F0A42-093E-433B-B6BB-3E03D1AF180D}.Debug|Any CPU.ActiveCfg = Debug|Any CPU
		{B55F0A42-093E-433B-B6BB-3E03D1AF180D}.Debug|Any CPU.Build.0 = Debug|Any CPU
		{B55F0A42-093E-433B-B6BB-3E03D1AF180D}.Release|Any CPU.ActiveCfg = Release|Any CPU
		{B55F0A42-093E-433B-B6BB-3E03D1AF180D}.Release|Any CPU.Build.0 = Release|Any CPU
		{43A91226-9BA6-4765-962A-86CB1AEDE514}.Debug|Any CPU.ActiveCfg = Debug|Any CPU
		{43A91226-9BA6-4765-962A-86CB1AEDE514}.Debug|Any CPU.Build.0 = Debug|Any CPU
		{43A91226-9BA6-4765-962A-86CB1AEDE514}.Release|Any CPU.ActiveCfg = Release|Any CPU
		{43A91226-9BA6-4765-962A-86CB1AEDE514}.Release|Any CPU.Build.0 = Release|Any CPU
		{4A3A2DF8-C212-4B44-B867-E641C1607BD2}.Debug|Any CPU.ActiveCfg = Debug|Any CPU
		{4A3A2DF8-C212-4B44-B867-E641C1607BD2}.Debug|Any CPU.Build.0 = Debug|Any CPU
		{4A3A2DF8-C212-4B44-B867-E641C1607BD2}.Release|Any CPU.ActiveCfg = Release|Any CPU
		{4A3A2DF8-C212-4B44-B867-E641C1607BD2}.Release|Any CPU.Build.0 = Release|Any CPU
		{08A7FC0D-84A6-41F9-B278-6CD9D57BCD86}.Debug|Any CPU.ActiveCfg = Debug|Any CPU
		{08A7FC0D-84A6-41F9-B278-6CD9D57BCD86}.Debug|Any CPU.Build.0 = Debug|Any CPU
		{08A7FC0D-84A6-41F9-B278-6CD9D57BCD86}.Release|Any CPU.ActiveCfg = Release|Any CPU
		{08A7FC0D-84A6-41F9-B278-6CD9D57BCD86}.Release|Any CPU.Build.0 = Release|Any CPU
		{5CD3EF99-E44E-45E8-9393-A088BD7571E3}.Debug|Any CPU.ActiveCfg = Debug|Any CPU
		{5CD3EF99-E44E-45E8-9393-A088BD7571E3}.Debug|Any CPU.Build.0 = Debug|Any CPU
		{5CD3EF99-E44E-45E8-9393-A088BD7571E3}.Release|Any CPU.ActiveCfg = Release|Any CPU
		{5CD3EF99-E44E-45E8-9393-A088BD7571E3}.Release|Any CPU.Build.0 = Release|Any CPU
		{1668778B-417F-44AF-91A4-B2199DACCFAF}.Debug|Any CPU.ActiveCfg = Debug|Any CPU
		{1668778B-417F-44AF-91A4-B2199DACCFAF}.Debug|Any CPU.Build.0 = Debug|Any CPU
		{1668778B-417F-44AF-91A4-B2199DACCFAF}.Release|Any CPU.ActiveCfg = Release|Any CPU
		{1668778B-417F-44AF-91A4-B2199DACCFAF}.Release|Any CPU.Build.0 = Release|Any CPU
		{7F932258-9951-4481-BB37-9B3F8A4DF3B8}.Debug|Any CPU.ActiveCfg = Debug|Any CPU
		{7F932258-9951-4481-BB37-9B3F8A4DF3B8}.Debug|Any CPU.Build.0 = Debug|Any CPU
		{7F932258-9951-4481-BB37-9B3F8A4DF3B8}.Release|Any CPU.ActiveCfg = Release|Any CPU
		{7F932258-9951-4481-BB37-9B3F8A4DF3B8}.Release|Any CPU.Build.0 = Release|Any CPU
	EndGlobalSection
	GlobalSection(SolutionProperties) = preSolution
		HideSolutionNode = FALSE
	EndGlobalSection
EndGlobal
